// !$*UTF8*$!
{
	archiveVersion = 1;
	objectVersion = 54;
	classes = {
	};
	objects = {

/* Begin PBXBuildFile section */
		13B07FBF1A68108700A75B9A /* Images.xcassets in Resources */ = {isa = PBXBuildFile; fileRef = 13B07FB51A68108700A75B9A /* Images.xcassets */; };
		3E461D99554A48A4959DE609 /* SplashScreen.storyboard in Resources */ = {isa = PBXBuildFile; fileRef = AA286B85B6C04FC6940260E9 /* SplashScreen.storyboard */; };
		B9834E87FAE04221BB5A7B69 /* GoogleService-Info.plist in Resources */ = {isa = PBXBuildFile; fileRef = 843FFA7B89294060857E675D /* GoogleService-Info.plist */; };
		BB2F792D24A3F905000567C9 /* Expo.plist in Resources */ = {isa = PBXBuildFile; fileRef = BB2F792C24A3F905000567C9 /* Expo.plist */; };
		EEDCF78FCBE048F8923051AD /* PrivacyInfo.xcprivacy in Resources */ = {isa = PBXBuildFile; fileRef = 6636B4E5017046C9ABAFBE93 /* PrivacyInfo.xcprivacy */; };
		F11748422D0307B40044C1D9 /* AppDelegate.swift in Sources */ = {isa = PBXBuildFile; fileRef = F11748412D0307B40044C1D9 /* AppDelegate.swift */; };
		XX12B55A1EDABF083C3B51XX /* WidgetKit.framework in Frameworks */ = {isa = PBXBuildFile; fileRef = XX470101BAEB8E0BBC8B0DXX /* WidgetKit.framework */; };
		XX1A6800511A685AB346D2XX /* AppIntents.framework in Frameworks */ = {isa = PBXBuildFile; fileRef = XXA12889081EB894481655XX /* AppIntents.framework */; };
		XX3C562DEF346B45594832XX /* ActivityKit.framework in Frameworks */ = {isa = PBXBuildFile; fileRef = XXCAF23C3FC41F82140FA1XX /* ActivityKit.framework */; };
		XX44FC18D28196FBCB6075XX /* ManagedSettingsUI.framework in Frameworks */ = {isa = PBXBuildFile; fileRef = XXB6D82409997898620841XX /* ManagedSettingsUI.framework */; };
		XX57208438D18BA30AAA5BXX /* ManagedSettings.framework in Frameworks */ = {isa = PBXBuildFile; fileRef = XX4B0399183C70A4AEB5CBXX /* ManagedSettings.framework */; };
		XX6988F97FDFE82C1F2737XX /* ManagedSettings.framework in Frameworks */ = {isa = PBXBuildFile; fileRef = XX4B0399183C70A4AEB5CBXX /* ManagedSettings.framework */; };
		XX6A44985675A04437B8C4XX /* SwiftUI.framework in Frameworks */ = {isa = PBXBuildFile; fileRef = XX4DFF38D47332D6BF0183XX /* SwiftUI.framework */; };
		XX7AB1C4C7FC065F066EEDXX /* QuiblyFocoEscudo.appex in Embed Foundation Extensions */ = {isa = PBXBuildFile; fileRef = XXD97716552F28E2991D83XX /* QuiblyFocoEscudo.appex */; settings = {ATTRIBUTES = (RemoveHeadersOnCopy, ); }; };
		XXA757524ABD83B6DA8D10XX /* QuiblyFocoMonitor.appex in Embed Foundation Extensions */ = {isa = PBXBuildFile; fileRef = XXB815EE45D7AC3BB69DDCXX /* QuiblyFocoMonitor.appex */; settings = {ATTRIBUTES = (RemoveHeadersOnCopy, ); }; };
		XXC73E2543B30ADF0BA311XX /* QuiblyWidget.appex in Embed Foundation Extensions */ = {isa = PBXBuildFile; fileRef = XXB67C6FDC77BD48B7A0BBXX /* QuiblyWidget.appex */; settings = {ATTRIBUTES = (RemoveHeadersOnCopy, ); }; };
		XXD33E402502F114432AD3XX /* DeviceActivity.framework in Frameworks */ = {isa = PBXBuildFile; fileRef = XXCA68A9416C78B970D1D9XX /* DeviceActivity.framework */; };
/* End PBXBuildFile section */

/* Begin PBXContainerItemProxy section */
		XX42BC7212D1943A5A803BXX /* PBXContainerItemProxy */ = {
			isa = PBXContainerItemProxy;
			containerPortal = 83CBB9F71A601CBA00E9B192 /* Project object */;
			proxyType = 1;
			remoteGlobalIDString = XXA58077D0DA66AB8F3E26XX;
			remoteInfo = QuiblyFocoEscudo;
		};
		XXBB493E28D7131965FB9AXX /* PBXContainerItemProxy */ = {
			isa = PBXContainerItemProxy;
			containerPortal = 83CBB9F71A601CBA00E9B192 /* Project object */;
			proxyType = 1;
			remoteGlobalIDString = XX757B7CD91F0DAAEF5761XX;
			remoteInfo = QuiblyFocoMonitor;
		};
		XXF6E87850EE887AB47682XX /* PBXContainerItemProxy */ = {
			isa = PBXContainerItemProxy;
			containerPortal = 83CBB9F71A601CBA00E9B192 /* Project object */;
			proxyType = 1;
			remoteGlobalIDString = XXFE0E8E3605133B75480AXX;
			remoteInfo = QuiblyWidget;
		};
/* End PBXContainerItemProxy section */

/* Begin PBXCopyFilesBuildPhase section */
		XX72A8CFBF0FBA13A79902XX /* Embed Foundation Extensions */ = {
			isa = PBXCopyFilesBuildPhase;
			name = "Embed Foundation Extensions";
			files = (
				XX7AB1C4C7FC065F066EEDXX /* QuiblyFocoEscudo.appex in Embed Foundation Extensions */,
				XXA757524ABD83B6DA8D10XX /* QuiblyFocoMonitor.appex in Embed Foundation Extensions */,
				XXC73E2543B30ADF0BA311XX /* QuiblyWidget.appex in Embed Foundation Extensions */,
			);
			dstPath = "";
			dstSubfolderSpec = 13;
			buildActionMask = 2147483647;
			runOnlyForDeploymentPostprocessing = 0;
		};
/* End PBXCopyFilesBuildPhase section */

/* Begin PBXFileReference section */
		13B07F961A680F5B00A75B9A /* Quibly.app */ = {isa = PBXFileReference; explicitFileType = wrapper.application; includeInIndex = 0; path = Quibly.app; sourceTree = BUILT_PRODUCTS_DIR; fileEncoding = 4; };
		13B07FB51A68108700A75B9A /* Images.xcassets */ = {isa = PBXFileReference; lastKnownFileType = folder.assetcatalog; name = Images.xcassets; path = Quibly/Images.xcassets; sourceTree = "<group>"; fileEncoding = 4; includeInIndex = 0; };
		13B07FB61A68108700A75B9A /* Info.plist */ = {isa = PBXFileReference; fileEncoding = 4; lastKnownFileType = text.plist.xml; name = Info.plist; path = Quibly/Info.plist; sourceTree = "<group>"; includeInIndex = 0; };
		6636B4E5017046C9ABAFBE93 /* PrivacyInfo.xcprivacy */ = {isa = PBXFileReference; name = PrivacyInfo.xcprivacy; path = Quibly/PrivacyInfo.xcprivacy; sourceTree = "<group>"; fileEncoding = undefined; lastKnownFileType = unknown; explicitFileType = undefined; includeInIndex = 0; };
		843FFA7B89294060857E675D /* GoogleService-Info.plist */ = {isa = PBXFileReference; name = "GoogleService-Info.plist"; path = "Quibly/GoogleService-Info.plist"; sourceTree = "<group>"; fileEncoding = 4; lastKnownFileType = text.plist.xml; explicitFileType = undefined; includeInIndex = 0; };
		AA286B85B6C04FC6940260E9 /* SplashScreen.storyboard */ = {isa = PBXFileReference; fileEncoding = 4; lastKnownFileType = file.storyboard; name = SplashScreen.storyboard; path = Quibly/SplashScreen.storyboard; sourceTree = "<group>"; includeInIndex = 0; };
		BB2F792C24A3F905000567C9 /* Expo.plist */ = {isa = PBXFileReference; fileEncoding = 4; lastKnownFileType = text.plist.xml; path = Expo.plist; sourceTree = "<group>"; includeInIndex = 0; };
		ED297162215061F000B7C4FE /* JavaScriptCore.framework */ = {isa = PBXFileReference; lastKnownFileType = wrapper.framework; name = JavaScriptCore.framework; path = System/Library/Frameworks/JavaScriptCore.framework; sourceTree = SDKROOT; fileEncoding = 4; includeInIndex = undefined; };
		F11748412D0307B40044C1D9 /* AppDelegate.swift */ = {isa = PBXFileReference; lastKnownFileType = sourcecode.swift; name = AppDelegate.swift; path = Quibly/AppDelegate.swift; sourceTree = "<group>"; fileEncoding = 4; includeInIndex = 0; };
		F11748442D0722820044C1D9 /* Quibly-Bridging-Header.h */ = {isa = PBXFileReference; lastKnownFileType = sourcecode.c.h; name = "Quibly-Bridging-Header.h"; path = "Quibly/Quibly-Bridging-Header.h"; sourceTree = "<group>"; fileEncoding = 4; includeInIndex = 0; };
		XX470101BAEB8E0BBC8B0DXX /* WidgetKit.framework */ = {isa = PBXFileReference; path = System/Library/Frameworks/WidgetKit.framework; fileEncoding = 4; lastKnownFileType = wrapper.framework; includeInIndex = undefined; name = WidgetKit.framework; sourceTree = SDKROOT; };
		XX4B0399183C70A4AEB5CBXX /* ManagedSettings.framework */ = {isa = PBXFileReference; path = System/Library/Frameworks/ManagedSettings.framework; fileEncoding = 4; lastKnownFileType = wrapper.framework; includeInIndex = undefined; name = ManagedSettings.framework; sourceTree = SDKROOT; };
		XX4DFF38D47332D6BF0183XX /* SwiftUI.framework */ = {isa = PBXFileReference; path = System/Library/Frameworks/SwiftUI.framework; fileEncoding = 4; lastKnownFileType = wrapper.framework; includeInIndex = undefined; name = SwiftUI.framework; sourceTree = SDKROOT; };
		XXA12889081EB894481655XX /* AppIntents.framework */ = {isa = PBXFileReference; path = System/Library/Frameworks/AppIntents.framework; fileEncoding = 4; lastKnownFileType = wrapper.framework; includeInIndex = undefined; name = AppIntents.framework; sourceTree = SDKROOT; };
		XXB67C6FDC77BD48B7A0BBXX /* QuiblyWidget.appex */ = {isa = PBXFileReference; explicitFileType = "wrapper.app-extension"; includeInIndex = 0; path = QuiblyWidget.appex; sourceTree = BUILT_PRODUCTS_DIR; fileEncoding = 4; };
		XXB6D82409997898620841XX /* ManagedSettingsUI.framework */ = {isa = PBXFileReference; path = System/Library/Frameworks/ManagedSettingsUI.framework; fileEncoding = 4; lastKnownFileType = wrapper.framework; includeInIndex = undefined; name = ManagedSettingsUI.framework; sourceTree = SDKROOT; };
		XXB815EE45D7AC3BB69DDCXX /* QuiblyFocoMonitor.appex */ = {isa = PBXFileReference; explicitFileType = "wrapper.app-extension"; includeInIndex = 0; path = QuiblyFocoMonitor.appex; sourceTree = BUILT_PRODUCTS_DIR; fileEncoding = 4; };
		XXCA68A9416C78B970D1D9XX /* DeviceActivity.framework */ = {isa = PBXFileReference; path = System/Library/Frameworks/DeviceActivity.framework; fileEncoding = 4; lastKnownFileType = wrapper.framework; includeInIndex = undefined; name = DeviceActivity.framework; sourceTree = SDKROOT; };
		XXCAF23C3FC41F82140FA1XX /* ActivityKit.framework */ = {isa = PBXFileReference; path = System/Library/Frameworks/ActivityKit.framework; fileEncoding = 4; lastKnownFileType = wrapper.framework; includeInIndex = undefined; name = ActivityKit.framework; sourceTree = SDKROOT; };
		XXD97716552F28E2991D83XX /* QuiblyFocoEscudo.appex */ = {isa = PBXFileReference; explicitFileType = "wrapper.app-extension"; includeInIndex = 0; path = QuiblyFocoEscudo.appex; sourceTree = BUILT_PRODUCTS_DIR; fileEncoding = 4; };
/* End PBXFileReference section */

/* Begin PBXFileSystemSynchronizedBuildFileExceptionSet section */
		XX96C5BB6CCEC5FCEDACC3XX /* PBXFileSystemSynchronizedBuildFileExceptionSet */ = {
			isa = PBXFileSystemSynchronizedBuildFileExceptionSet;
			target = XX757B7CD91F0DAAEF5761XX /* QuiblyFocoMonitor */;
			membershipExceptions = (
				Info.plist,
				"expo-target.config.js",
			);
		};
		XXADC3B97786F525BA846CXX /* PBXFileSystemSynchronizedBuildFileExceptionSet */ = {
			isa = PBXFileSystemSynchronizedBuildFileExceptionSet;
			target = XXFE0E8E3605133B75480AXX /* QuiblyWidget */;
			membershipExceptions = (
				Info.plist,
				"expo-target.config.js",
			);
		};
		XXC1EC7D7427BD77098535XX /* PBXFileSystemSynchronizedBuildFileExceptionSet */ = {
			isa = PBXFileSystemSynchronizedBuildFileExceptionSet;
			target = XXA58077D0DA66AB8F3E26XX /* QuiblyFocoEscudo */;
			membershipExceptions = (
				Info.plist,
				"expo-target.config.js",
			);
		};
/* End PBXFileSystemSynchronizedBuildFileExceptionSet section */

/* Begin PBXFileSystemSynchronizedRootGroup section */
		XX60DFF770CFB4321BE825XX /* foco-escudo */ = {
			isa = PBXFileSystemSynchronizedRootGroup;
			path = "foco-escudo";
			exceptions = (
				XXC1EC7D7427BD77098535XX /* PBXFileSystemSynchronizedBuildFileExceptionSet */,
			);
			explicitFileTypes = {};
			explicitFolders = (
			);
			sourceTree = "<group>";
		};
		XX953CFE9771EEFCBD2B68XX /* widget */ = {
			isa = PBXFileSystemSynchronizedRootGroup;
			path = widget;
			exceptions = (
				XXADC3B97786F525BA846CXX /* PBXFileSystemSynchronizedBuildFileExceptionSet */,
			);
			explicitFileTypes = {};
			explicitFolders = (
			);
			sourceTree = "<group>";
		};
		XXD574DB1AA6CE8D99CDD1XX /* foco-monitor */ = {
			isa = PBXFileSystemSynchronizedRootGroup;
			path = "foco-monitor";
			exceptions = (
				XX96C5BB6CCEC5FCEDACC3XX /* PBXFileSystemSynchronizedBuildFileExceptionSet */,
			);
			explicitFileTypes = {};
			explicitFolders = (
			);
			sourceTree = "<group>";
		};
/* End PBXFileSystemSynchronizedRootGroup section */

/* Begin PBXFrameworksBuildPhase section */
		13B07F8C1A680F5B00A75B9A /* Frameworks */ = {
			isa = PBXFrameworksBuildPhase;
			buildActionMask = 2147483647;
			files = (
			);
			runOnlyForDeploymentPostprocessing = 0;
		};
		XX074B8811C1CF8E8A3D74XX /* Frameworks */ = {
			isa = PBXFrameworksBuildPhase;
			buildActionMask = 2147483647;
			runOnlyForDeploymentPostprocessing = 0;
			files = (
				XX57208438D18BA30AAA5BXX /* ManagedSettings.framework in Frameworks */,
				XX44FC18D28196FBCB6075XX /* ManagedSettingsUI.framework in Frameworks */,
			);
		};
		XXA94A5604E6B418CE81CFXX /* Frameworks */ = {
			isa = PBXFrameworksBuildPhase;
			buildActionMask = 2147483647;
			runOnlyForDeploymentPostprocessing = 0;
			files = (
				XX12B55A1EDABF083C3B51XX /* WidgetKit.framework in Frameworks */,
				XX6A44985675A04437B8C4XX /* SwiftUI.framework in Frameworks */,
				XX3C562DEF346B45594832XX /* ActivityKit.framework in Frameworks */,
				XX1A6800511A685AB346D2XX /* AppIntents.framework in Frameworks */,
			);
		};
		XXBA6CDF0021ABEEEDFCFBXX /* Frameworks */ = {
			isa = PBXFrameworksBuildPhase;
			buildActionMask = 2147483647;
			runOnlyForDeploymentPostprocessing = 0;
			files = (
				XXD33E402502F114432AD3XX /* DeviceActivity.framework in Frameworks */,
				XX6988F97FDFE82C1F2737XX /* ManagedSettings.framework in Frameworks */,
			);
		};
/* End PBXFrameworksBuildPhase section */

/* Begin PBXGroup section */
		13B07FAE1A68108700A75B9A /* Quibly */ = {
			isa = PBXGroup;
			children = (
				F11748412D0307B40044C1D9 /* AppDelegate.swift */,
				F11748442D0722820044C1D9 /* Quibly-Bridging-Header.h */,
				BB2F792B24A3F905000567C9 /* Supporting */,
				13B07FB51A68108700A75B9A /* Images.xcassets */,
				13B07FB61A68108700A75B9A /* Info.plist */,
				AA286B85B6C04FC6940260E9 /* SplashScreen.storyboard */,
				6636B4E5017046C9ABAFBE93 /* PrivacyInfo.xcprivacy */,
				843FFA7B89294060857E675D /* GoogleService-Info.plist */,
			);
			name = Quibly;
			sourceTree = "<group>";
		};
		2D16E6871FA4F8E400B85C8A /* Frameworks */ = {
			isa = PBXGroup;
			children = (
				ED297162215061F000B7C4FE /* JavaScriptCore.framework */,
				XX4B0399183C70A4AEB5CBXX /* ManagedSettings.framework */,
				XXB6D82409997898620841XX /* ManagedSettingsUI.framework */,
				XXCA68A9416C78B970D1D9XX /* DeviceActivity.framework */,
				XX470101BAEB8E0BBC8B0DXX /* WidgetKit.framework */,
				XX4DFF38D47332D6BF0183XX /* SwiftUI.framework */,
				XXCAF23C3FC41F82140FA1XX /* ActivityKit.framework */,
				XXA12889081EB894481655XX /* AppIntents.framework */,
			);
			name = Frameworks;
			sourceTree = "<group>";
		};
		832341AE1AAA6A7D00B99B32 /* Libraries */ = {
			isa = PBXGroup;
			children = (
			);
			name = Libraries;
			sourceTree = "<group>";
		};
		83CBB9F61A601CBA00E9B192 = {
			isa = PBXGroup;
			children = (
				XX3E41C1850246162C0061XX /* expo:targets */,
				13B07FAE1A68108700A75B9A /* Quibly */,
				832341AE1AAA6A7D00B99B32 /* Libraries */,
				83CBBA001A601CBA00E9B192 /* Products */,
				2D16E6871FA4F8E400B85C8A /* Frameworks */,
			);
			indentWidth = 2;
			sourceTree = "<group>";
			tabWidth = 2;
			usesTabs = 0;
		};
		83CBBA001A601CBA00E9B192 /* Products */ = {
			isa = PBXGroup;
			children = (
				13B07F961A680F5B00A75B9A /* Quibly.app */,
				XXD97716552F28E2991D83XX /* QuiblyFocoEscudo.appex */,
				XXB815EE45D7AC3BB69DDCXX /* QuiblyFocoMonitor.appex */,
				XXB67C6FDC77BD48B7A0BBXX /* QuiblyWidget.appex */,
			);
			name = Products;
			sourceTree = "<group>";
		};
		BB2F792B24A3F905000567C9 /* Supporting */ = {
			isa = PBXGroup;
			children = (
				BB2F792C24A3F905000567C9 /* Expo.plist */,
			);
			name = Supporting;
			path = Quibly/Supporting;
			sourceTree = "<group>";
		};
		XX3E41C1850246162C0061XX /* expo:targets */ = {
			isa = PBXGroup;
			children = (
				XX60DFF770CFB4321BE825XX /* foco-escudo */,
				XXD574DB1AA6CE8D99CDD1XX /* foco-monitor */,
				XX953CFE9771EEFCBD2B68XX /* widget */,
			);
			sourceTree = "<group>";
			name = expo:targets;
			path = ../targets;
		};
/* End PBXGroup section */

/* Begin PBXNativeTarget section */
		13B07F861A680F5B00A75B9A /* Quibly */ = {
			isa = PBXNativeTarget;
			buildConfigurationList = 13B07F931A680F5B00A75B9A /* Build configuration list for PBXNativeTarget "Quibly" */;
			buildPhases = (
				08A4A3CD28434E44B6B9DE2E /* [CP] Check Pods Manifest.lock */,
				13B07F871A680F5B00A75B9A /* Sources */,
				13B07F8C1A680F5B00A75B9A /* Frameworks */,
				13B07F8E1A680F5B00A75B9A /* Resources */,
				00DD1BFF1BD5951E006B06BC /* Bundle React Native code and images */,
				800E24972A6A228C8D4807E9 /* [CP] Copy Pods Resources */,
				XX72A8CFBF0FBA13A79902XX /* Embed Foundation Extensions */,
			);
			buildRules = (
			);
			dependencies = (
				XXDE7C5FB20F4D76C02405XX /* PBXTargetDependency */,
				XX78771C0A3F545E4CAF2DXX /* PBXTargetDependency */,
				XX232E6D8E23309F0599E7XX /* PBXTargetDependency */,
			);
			name = Quibly;
			productName = Quibly;
			productReference = 13B07F961A680F5B00A75B9A /* Quibly.app */;
			productType = "com.apple.product-type.application";
		};
		XX757B7CD91F0DAAEF5761XX /* QuiblyFocoMonitor */ = {
			isa = PBXNativeTarget;
			buildPhases = (
				XXBA6CDF0021ABEEEDFCFBXX /* Frameworks */,
				XXDC105B0E28F884B8E02DXX /* Sources */,
				XXC55EF014B50CBDECCD15XX /* Resources */,
			);
			buildRules = (
			);
			dependencies = (
			);
			buildConfigurationList = XX0744DDE0089426BE41EAXX /* Build configuration list for PBXNativeTarget "QuiblyFocoMonitor" */;
			name = QuiblyFocoMonitor;
			productName = QuiblyFocoMonitor;
			productReference = XXB815EE45D7AC3BB69DDCXX /* QuiblyFocoMonitor.appex */;
			productType = "com.apple.product-type.app-extension";
			fileSystemSynchronizedGroups = (
				XXD574DB1AA6CE8D99CDD1XX /* foco-monitor */,
			);
		};
		XXA58077D0DA66AB8F3E26XX /* QuiblyFocoEscudo */ = {
			isa = PBXNativeTarget;
			buildPhases = (
				XX074B8811C1CF8E8A3D74XX /* Frameworks */,
				XXE45443DC38DCFE1DB622XX /* Sources */,
				XXFA5A8CCDD805DF7AEF9CXX /* Resources */,
			);
			buildRules = (
			);
			dependencies = (
			);
			buildConfigurationList = XX442A9E9A8F721AC18E74XX /* Build configuration list for PBXNativeTarget "QuiblyFocoEscudo" */;
			name = QuiblyFocoEscudo;
			productName = QuiblyFocoEscudo;
			productReference = XXD97716552F28E2991D83XX /* QuiblyFocoEscudo.appex */;
			productType = "com.apple.product-type.app-extension";
			fileSystemSynchronizedGroups = (
				XX60DFF770CFB4321BE825XX /* foco-escudo */,
			);
		};
		XXFE0E8E3605133B75480AXX /* QuiblyWidget */ = {
			isa = PBXNativeTarget;
			buildPhases = (
				XXA94A5604E6B418CE81CFXX /* Frameworks */,
				XXE5EC32CD2D09C6C886C7XX /* Sources */,
				XX00779A11A1B70B580100XX /* Resources */,
			);
			buildRules = (
			);
			dependencies = (
			);
			buildConfigurationList = XX6335FA91B26338910A33XX /* Build configuration list for PBXNativeTarget "QuiblyWidget" */;
			name = QuiblyWidget;
			productName = QuiblyWidget;
			productReference = XXB67C6FDC77BD48B7A0BBXX /* QuiblyWidget.appex */;
			productType = "com.apple.product-type.app-extension";
			fileSystemSynchronizedGroups = (
				XX953CFE9771EEFCBD2B68XX /* widget */,
			);
		};
/* End PBXNativeTarget section */

/* Begin PBXProject section */
		83CBB9F71A601CBA00E9B192 /* Project object */ = {
			isa = PBXProject;
			attributes = {
				LastUpgradeCheck = 1130;
				TargetAttributes = {
					13B07F861A680F5B00A75B9A = {
						LastSwiftMigration = 1250;
					};
					XXA58077D0DA66AB8F3E26XX = {
						CreatedOnToolsVersion = 14.3;
						ProvisioningStyle = Automatic;
						DevelopmentTeam = 3HWKHD9KF8;
					};
					XX757B7CD91F0DAAEF5761XX = {
						CreatedOnToolsVersion = 14.3;
						ProvisioningStyle = Automatic;
						DevelopmentTeam = 3HWKHD9KF8;
					};
					XXFE0E8E3605133B75480AXX = {
						CreatedOnToolsVersion = 14.3;
						ProvisioningStyle = Automatic;
						DevelopmentTeam = 3HWKHD9KF8;
					};
				};
			};
			buildConfigurationList = 83CBB9FA1A601CBA00E9B192 /* Build configuration list for PBXProject "Quibly" */;
			compatibilityVersion = "Xcode 3.2";
			developmentRegion = en;
			hasScannedForEncodings = 0;
			knownRegions = (
				en,
				Base,
			);
			mainGroup = 83CBB9F61A601CBA00E9B192;
			productRefGroup = 83CBBA001A601CBA00E9B192 /* Products */;
			projectDirPath = "";
			projectRoot = "";
			targets = (
				13B07F861A680F5B00A75B9A /* Quibly */,
				XXA58077D0DA66AB8F3E26XX /* QuiblyFocoEscudo */,
				XX757B7CD91F0DAAEF5761XX /* QuiblyFocoMonitor */,
				XXFE0E8E3605133B75480AXX /* QuiblyWidget */,
			);
		};
/* End PBXProject section */

/* Begin PBXResourcesBuildPhase section */
		13B07F8E1A680F5B00A75B9A /* Resources */ = {
			isa = PBXResourcesBuildPhase;
			buildActionMask = 2147483647;
			files = (
				BB2F792D24A3F905000567C9 /* Expo.plist in Resources */,
				13B07FBF1A68108700A75B9A /* Images.xcassets in Resources */,
				3E461D99554A48A4959DE609 /* SplashScreen.storyboard in Resources */,
				EEDCF78FCBE048F8923051AD /* PrivacyInfo.xcprivacy in Resources */,
				B9834E87FAE04221BB5A7B69 /* GoogleService-Info.plist in Resources */,
			);
			runOnlyForDeploymentPostprocessing = 0;
		};
		XX00779A11A1B70B580100XX /* Resources */ = {
			isa = PBXResourcesBuildPhase;
			buildActionMask = 2147483647;
			runOnlyForDeploymentPostprocessing = 0;
			files = (
			);
		};
		XXC55EF014B50CBDECCD15XX /* Resources */ = {
			isa = PBXResourcesBuildPhase;
			buildActionMask = 2147483647;
			runOnlyForDeploymentPostprocessing = 0;
			files = (
			);
		};
		XXFA5A8CCDD805DF7AEF9CXX /* Resources */ = {
			isa = PBXResourcesBuildPhase;
			buildActionMask = 2147483647;
			runOnlyForDeploymentPostprocessing = 0;
			files = (
			);
		};
/* End PBXResourcesBuildPhase section */

/* Begin PBXShellScriptBuildPhase section */
		00DD1BFF1BD5951E006B06BC /* Bundle React Native code and images */ = {
			isa = PBXShellScriptBuildPhase;
			alwaysOutOfDate = 1;
			buildActionMask = 2147483647;
			files = (
			);
			inputPaths = (
				"$(SRCROOT)/.xcode.env",
				"$(SRCROOT)/.xcode.env.local",
			);
			name = "Bundle React Native code and images";
			outputPaths = (
			);
			runOnlyForDeploymentPostprocessing = 0;
			shellPath = /bin/sh;
			shellScript = "if [[ -f \"$PODS_ROOT/../.xcode.env\" ]]; then\n  source \"$PODS_ROOT/../.xcode.env\"\nfi\nif [[ -f \"$PODS_ROOT/../.xcode.env.local\" ]]; then\n  source \"$PODS_ROOT/../.xcode.env.local\"\nfi\n\n# The project root by default is one level up from the ios directory\nexport PROJECT_ROOT=\"$PROJECT_DIR\"/..\n\nif [[ \"$CONFIGURATION\" = *Debug* ]]; then\n  export SKIP_BUNDLING=1\nfi\nif [[ -z \"$ENTRY_FILE\" ]]; then\n  # Set the entry JS file using the bundler's entry resolution.\n  export ENTRY_FILE=\"$(\"$NODE_BINARY\" -e \"require('expo/scripts/resolveAppEntry')\" \"$PROJECT_ROOT\" ios absolute | tail -n 1)\"\nfi\n\nif [[ -z \"$CLI_PATH\" ]]; then\n  # Use Expo CLI\n  export CLI_PATH=\"$(\"$NODE_BINARY\" --print \"require.resolve('@expo/cli', { paths: [require.resolve('expo/package.json')] })\")\"\nfi\nif [[ -z \"$BUNDLE_COMMAND\" ]]; then\n  # Default Expo CLI command for bundling\n  export BUNDLE_COMMAND=\"export:embed\"\nfi\n\n# Source .xcode.env.updates if it exists to allow\n# SKIP_BUNDLING to be unset if needed\nif [[ -f \"$PODS_ROOT/../.xcode.env.updates\" ]]; then\n  source \"$PODS_ROOT/../.xcode.env.updates\"\nfi\n# Source local changes to allow overrides\n# if needed\nif [[ -f \"$PODS_ROOT/../.xcode.env.local\" ]]; then\n  source \"$PODS_ROOT/../.xcode.env.local\"\nfi\n\n`\"$NODE_BINARY\" --print \"require('path').dirname(require.resolve('react-native/package.json')) + '/scripts/react-native-xcode.sh'\"`\n\n";
			outputFileListPaths = (
			);
			inputFileListPaths = (
			);
		};
		08A4A3CD28434E44B6B9DE2E /* [CP] Check Pods Manifest.lock */ = {
			isa = PBXShellScriptBuildPhase;
			buildActionMask = 2147483647;
			files = (
			);
			inputFileListPaths = (
			);
			inputPaths = (
				"${PODS_PODFILE_DIR_PATH}/Podfile.lock",
				"${PODS_ROOT}/Manifest.lock",
			);
			name = "[CP] Check Pods Manifest.lock";
			outputFileListPaths = (
			);
			outputPaths = (
				"$(DERIVED_FILE_DIR)/Pods-Quibly-checkManifestLockResult.txt",
			);
			runOnlyForDeploymentPostprocessing = 0;
			shellPath = /bin/sh;
			shellScript = "diff \"${PODS_PODFILE_DIR_PATH}/Podfile.lock\" \"${PODS_ROOT}/Manifest.lock\" > /dev/null\nif [ $? != 0 ] ; then\n    # print error to STDERR\n    echo \"error: The sandbox is not in sync with the Podfile.lock. Run 'pod install' or update your CocoaPods installation.\" >&2\n    exit 1\nfi\n# This output is used by Xcode 'outputs' to avoid re-running this script phase.\necho \"SUCCESS\" > \"${SCRIPT_OUTPUT_FILE_0}\"\n";
			showEnvVarsInLog = 0;
		};
		800E24972A6A228C8D4807E9 /* [CP] Copy Pods Resources */ = {
			isa = PBXShellScriptBuildPhase;
			buildActionMask = 2147483647;
			files = (
			);
			inputPaths = (
				"${PODS_ROOT}/Target Support Files/Pods-Quibly/Pods-Quibly-resources.sh",
				"${PODS_CONFIGURATION_BUILD_DIR}/EXConstants/EXConstants.bundle",
				"${PODS_CONFIGURATION_BUILD_DIR}/EXUpdates/EXUpdates.bundle",
				"${PODS_CONFIGURATION_BUILD_DIR}/React-Core/RCTI18nStrings.bundle",
			);
			name = "[CP] Copy Pods Resources";
			outputPaths = (
				"${TARGET_BUILD_DIR}/${UNLOCALIZED_RESOURCES_FOLDER_PATH}/EXConstants.bundle",
				"${TARGET_BUILD_DIR}/${UNLOCALIZED_RESOURCES_FOLDER_PATH}/EXUpdates.bundle",
				"${TARGET_BUILD_DIR}/${UNLOCALIZED_RESOURCES_FOLDER_PATH}/RCTI18nStrings.bundle",
			);
			runOnlyForDeploymentPostprocessing = 0;
			shellPath = /bin/sh;
			shellScript = "\"${PODS_ROOT}/Target Support Files/Pods-Quibly/Pods-Quibly-resources.sh\"\n";
			showEnvVarsInLog = 0;
			outputFileListPaths = (
			);
			inputFileListPaths = (
			);
		};
/* End PBXShellScriptBuildPhase section */

/* Begin PBXSourcesBuildPhase section */
		13B07F871A680F5B00A75B9A /* Sources */ = {
			isa = PBXSourcesBuildPhase;
			buildActionMask = 2147483647;
			files = (
				F11748422D0307B40044C1D9 /* AppDelegate.swift in Sources */,
			);
			runOnlyForDeploymentPostprocessing = 0;
		};
		XXDC105B0E28F884B8E02DXX /* Sources */ = {
			isa = PBXSourcesBuildPhase;
			buildActionMask = 2147483647;
			runOnlyForDeploymentPostprocessing = 0;
			files = (
			);
		};
		XXE45443DC38DCFE1DB622XX /* Sources */ = {
			isa = PBXSourcesBuildPhase;
			buildActionMask = 2147483647;
			runOnlyForDeploymentPostprocessing = 0;
			files = (
			);
		};
		XXE5EC32CD2D09C6C886C7XX /* Sources */ = {
			isa = PBXSourcesBuildPhase;
			buildActionMask = 2147483647;
			runOnlyForDeploymentPostprocessing = 0;
			files = (
			);
		};
/* End PBXSourcesBuildPhase section */

/* Begin PBXTargetDependency section */
		XX232E6D8E23309F0599E7XX /* PBXTargetDependency */ = {
			isa = PBXTargetDependency;
			target = XXFE0E8E3605133B75480AXX /* QuiblyWidget */;
			targetProxy = XXF6E87850EE887AB47682XX /* PBXContainerItemProxy */;
		};
		XX78771C0A3F545E4CAF2DXX /* PBXTargetDependency */ = {
			isa = PBXTargetDependency;
			target = XX757B7CD91F0DAAEF5761XX /* QuiblyFocoMonitor */;
			targetProxy = XXBB493E28D7131965FB9AXX /* PBXContainerItemProxy */;
		};
		XXDE7C5FB20F4D76C02405XX /* PBXTargetDependency */ = {
			isa = PBXTargetDependency;
			target = XXA58077D0DA66AB8F3E26XX /* QuiblyFocoEscudo */;
			targetProxy = XX42BC7212D1943A5A803BXX /* PBXContainerItemProxy */;
		};
/* End PBXTargetDependency section */

/* Begin XCBuildConfiguration section */
		13B07F941A680F5B00A75B9A /* Debug */ = {
			isa = XCBuildConfiguration;
			buildSettings = {
				ASSETCATALOG_COMPILER_APPICON_NAME = AppIcon;
				CLANG_ENABLE_MODULES = YES;
				CURRENT_PROJECT_VERSION = 1;
				ENABLE_BITCODE = NO;
				GCC_PREPROCESSOR_DEFINITIONS = (
					"$(inherited)",
					"FB_SONARKIT_ENABLED=1",
				);
				INFOPLIST_FILE = Quibly/Info.plist;
				IPHONEOS_DEPLOYMENT_TARGET = 15.1;
				LD_RUNPATH_SEARCH_PATHS = (
					"$(inherited)",
					"@executable_path/Frameworks",
				);
				MARKETING_VERSION = 1.2.2;
				OTHER_LDFLAGS = (
					"$(inherited)",
					"-ObjC",
					"-lc++",
				);
				PRODUCT_BUNDLE_IDENTIFIER = com.quibly.app;
				PRODUCT_NAME = Quibly;
				SWIFT_OBJC_BRIDGING_HEADER = "Quibly/Quibly-Bridging-Header.h";
				SWIFT_OPTIMIZATION_LEVEL = "-Onone";
				SWIFT_VERSION = 5.0;
				VERSIONING_SYSTEM = "apple-generic";
				DEVELOPMENT_TEAM = 3HWKHD9KF8;
				TARGETED_DEVICE_FAMILY = 1;
				CODE_SIGN_ENTITLEMENTS = Quibly/Quibly.entitlements;
			};
			name = Debug;
		};
		13B07F951A680F5B00A75B9A /* Release */ = {
			isa = XCBuildConfiguration;
			buildSettings = {
				ASSETCATALOG_COMPILER_APPICON_NAME = AppIcon;
				CLANG_ENABLE_MODULES = YES;
				CURRENT_PROJECT_VERSION = 1;
				INFOPLIST_FILE = Quibly/Info.plist;
				IPHONEOS_DEPLOYMENT_TARGET = 15.1;
				LD_RUNPATH_SEARCH_PATHS = (
					"$(inherited)",
					"@executable_path/Frameworks",
				);
				MARKETING_VERSION = 1.2.2;
				OTHER_LDFLAGS = (
					"$(inherited)",
					"-ObjC",
					"-lc++",
				);
				PRODUCT_BUNDLE_IDENTIFIER = com.quibly.app;
				PRODUCT_NAME = Quibly;
				SWIFT_OBJC_BRIDGING_HEADER = "Quibly/Quibly-Bridging-Header.h";
				SWIFT_VERSION = 5.0;
				VERSIONING_SYSTEM = "apple-generic";
				DEVELOPMENT_TEAM = 3HWKHD9KF8;
				TARGETED_DEVICE_FAMILY = 1;
				CODE_SIGN_ENTITLEMENTS = Quibly/Quibly.entitlements;
			};
			name = Release;
		};
		83CBBA201A601CBA00E9B192 /* Debug */ = {
			isa = XCBuildConfiguration;
			buildSettings = {
				ALWAYS_SEARCH_USER_PATHS = NO;
				CLANG_ANALYZER_LOCALIZABILITY_NONLOCALIZED = YES;
				CLANG_CXX_LANGUAGE_STANDARD = "c++20";
				CLANG_CXX_LIBRARY = "libc++";
				CLANG_ENABLE_MODULES = YES;
				CLANG_ENABLE_OBJC_ARC = YES;
				CLANG_WARN_BLOCK_CAPTURE_AUTORELEASING = YES;
				CLANG_WARN_BOOL_CONVERSION = YES;
				CLANG_WARN_COMMA = YES;
				CLANG_WARN_CONSTANT_CONVERSION = YES;
				CLANG_WARN_DEPRECATED_OBJC_IMPLEMENTATIONS = YES;
				CLANG_WARN_DIRECT_OBJC_ISA_USAGE = YES_ERROR;
				CLANG_WARN_EMPTY_BODY = YES;
				CLANG_WARN_ENUM_CONVERSION = YES;
				CLANG_WARN_INFINITE_RECURSION = YES;
				CLANG_WARN_INT_CONVERSION = YES;
				CLANG_WARN_NON_LITERAL_NULL_CONVERSION = YES;
				CLANG_WARN_OBJC_IMPLICIT_RETAIN_SELF = YES;
				CLANG_WARN_OBJC_LITERAL_CONVERSION = YES;
				CLANG_WARN_OBJC_ROOT_CLASS = YES_ERROR;
				CLANG_WARN_RANGE_LOOP_ANALYSIS = YES;
				CLANG_WARN_STRICT_PROTOTYPES = YES;
				CLANG_WARN_SUSPICIOUS_MOVE = YES;
				CLANG_WARN_UNREACHABLE_CODE = YES;
				CLANG_WARN__DUPLICATE_METHOD_MATCH = YES;
				"CODE_SIGN_IDENTITY[sdk=iphoneos*]" = "iPhone Developer";
				COPY_PHASE_STRIP = NO;
				ENABLE_STRICT_OBJC_MSGSEND = YES;
				ENABLE_TESTABILITY = YES;
				GCC_C_LANGUAGE_STANDARD = gnu99;
				GCC_DYNAMIC_NO_PIC = NO;
				GCC_NO_COMMON_BLOCKS = YES;
				GCC_OPTIMIZATION_LEVEL = 0;
				GCC_PREPROCESSOR_DEFINITIONS = (
					"DEBUG=1",
					"$(inherited)",
				);
				GCC_SYMBOLS_PRIVATE_EXTERN = NO;
				GCC_WARN_64_TO_32_BIT_CONVERSION = YES;
				GCC_WARN_ABOUT_RETURN_TYPE = YES_ERROR;
				GCC_WARN_UNDECLARED_SELECTOR = YES;
				GCC_WARN_UNINITIALIZED_AUTOS = YES_AGGRESSIVE;
				GCC_WARN_UNUSED_FUNCTION = YES;
				GCC_WARN_UNUSED_VARIABLE = YES;
				IPHONEOS_DEPLOYMENT_TARGET = 15.1;
				LD_RUNPATH_SEARCH_PATHS = (
					/usr/lib/swift,
					"$(inherited)",
				);
				LIBRARY_SEARCH_PATHS = "\"$(inherited)\"";
				MTL_ENABLE_DEBUG_INFO = YES;
				ONLY_ACTIVE_ARCH = YES;
				SDKROOT = iphoneos;
			};
			name = Debug;
		};
		83CBBA211A601CBA00E9B192 /* Release */ = {
			isa = XCBuildConfiguration;
			buildSettings = {
				ALWAYS_SEARCH_USER_PATHS = NO;
				CLANG_ANALYZER_LOCALIZABILITY_NONLOCALIZED = YES;
				CLANG_CXX_LANGUAGE_STANDARD = "c++20";
				CLANG_CXX_LIBRARY = "libc++";
				CLANG_ENABLE_MODULES = YES;
				CLANG_ENABLE_OBJC_ARC = YES;
				CLANG_WARN_BLOCK_CAPTURE_AUTORELEASING = YES;
				CLANG_WARN_BOOL_CONVERSION = YES;
				CLANG_WARN_COMMA = YES;
				CLANG_WARN_CONSTANT_CONVERSION = YES;
				CLANG_WARN_DEPRECATED_OBJC_IMPLEMENTATIONS = YES;
				CLANG_WARN_DIRECT_OBJC_ISA_USAGE = YES_ERROR;
				CLANG_WARN_EMPTY_BODY = YES;
				CLANG_WARN_ENUM_CONVERSION = YES;
				CLANG_WARN_INFINITE_RECURSION = YES;
				CLANG_WARN_INT_CONVERSION = YES;
				CLANG_WARN_NON_LITERAL_NULL_CONVERSION = YES;
				CLANG_WARN_OBJC_IMPLICIT_RETAIN_SELF = YES;
				CLANG_WARN_OBJC_LITERAL_CONVERSION = YES;
				CLANG_WARN_OBJC_ROOT_CLASS = YES_ERROR;
				CLANG_WARN_RANGE_LOOP_ANALYSIS = YES;
				CLANG_WARN_STRICT_PROTOTYPES = YES;
				CLANG_WARN_SUSPICIOUS_MOVE = YES;
				CLANG_WARN_UNREACHABLE_CODE = YES;
				CLANG_WARN__DUPLICATE_METHOD_MATCH = YES;
				"CODE_SIGN_IDENTITY[sdk=iphoneos*]" = "iPhone Developer";
				COPY_PHASE_STRIP = YES;
				ENABLE_NS_ASSERTIONS = NO;
				ENABLE_STRICT_OBJC_MSGSEND = YES;
				GCC_C_LANGUAGE_STANDARD = gnu99;
				GCC_NO_COMMON_BLOCKS = YES;
				GCC_WARN_64_TO_32_BIT_CONVERSION = YES;
				GCC_WARN_ABOUT_RETURN_TYPE = YES_ERROR;
				GCC_WARN_UNDECLARED_SELECTOR = YES;
				GCC_WARN_UNINITIALIZED_AUTOS = YES_AGGRESSIVE;
				GCC_WARN_UNUSED_FUNCTION = YES;
				GCC_WARN_UNUSED_VARIABLE = YES;
				IPHONEOS_DEPLOYMENT_TARGET = 15.1;
				LD_RUNPATH_SEARCH_PATHS = (
					/usr/lib/swift,
					"$(inherited)",
				);
				LIBRARY_SEARCH_PATHS = "\"$(inherited)\"";
				MTL_ENABLE_DEBUG_INFO = NO;
				SDKROOT = iphoneos;
				VALIDATE_PRODUCT = YES;
			};
			name = Release;
		};
		XX048812D1332A30250822XX /* Debug */ = {
			isa = XCBuildConfiguration;
			name = Debug;
			buildSettings = {
				CLANG_ANALYZER_NONNULL = YES;
				CLANG_ANALYZER_NUMBER_OBJECT_CONVERSION = YES_AGGRESSIVE;
				CLANG_CXX_LANGUAGE_STANDARD = "gnu++20";
				CLANG_ENABLE_OBJC_WEAK = YES;
				CLANG_WARN_DOCUMENTATION_COMMENTS = YES;
				CLANG_WARN_QUOTED_INCLUDE_IN_FRAMEWORK_HEADER = YES;
				CLANG_WARN_UNGUARDED_AVAILABILITY = YES_AGGRESSIVE;
				CODE_SIGN_STYLE = Automatic;
				COPY_PHASE_STRIP = NO;
				DEBUG_INFORMATION_FORMAT = dwarf;
				GCC_C_LANGUAGE_STANDARD = gnu11;
				GENERATE_INFOPLIST_FILE = YES;
				CURRENT_PROJECT_VERSION = 1;
				INFOPLIST_FILE = "../targets/foco-escudo/Info.plist";
				INFOPLIST_KEY_CFBundleDisplayName = "Quibly Foco";
				INFOPLIST_KEY_NSHumanReadableCopyright = "";
				IPHONEOS_DEPLOYMENT_TARGET = 16.0;
				LD_RUNPATH_SEARCH_PATHS = (
					"$(inherited)",
					"@executable_path/Frameworks",
					"@executable_path/../../Frameworks",
				);
				MARKETING_VERSION = 1.2.2;
				MTL_FAST_MATH = YES;
				PRODUCT_BUNDLE_IDENTIFIER = com.quibly.app.focoescudo;
				PRODUCT_NAME = "$(TARGET_NAME)";
				SKIP_INSTALL = YES;
				SWIFT_EMIT_LOC_STRINGS = YES;
				SWIFT_COMPILATION_MODE = wholemodule;
				SWIFT_OPTIMIZATION_LEVEL = "-Onone";
				SWIFT_VERSION = 5.0;
				TARGETED_DEVICE_FAMILY = "1,2";
				MTL_ENABLE_DEBUG_INFO = INCLUDE_SOURCE;
				SWIFT_ACTIVE_COMPILATION_CONDITIONS = DEBUG;
				CODE_SIGN_ENTITLEMENTS = .targets/QuiblyFocoEscudo/generated.entitlements;
				REGISTER_APP_GROUPS = YES;
				DEVELOPMENT_TEAM = 3HWKHD9KF8;
			};
		};
		XX324DF779AF570D47403BXX /* Release */ = {
			isa = XCBuildConfiguration;
			name = Release;
			buildSettings = {
				CLANG_ANALYZER_NONNULL = YES;
				CLANG_ANALYZER_NUMBER_OBJECT_CONVERSION = YES_AGGRESSIVE;
				CLANG_CXX_LANGUAGE_STANDARD = "gnu++20";
				CLANG_ENABLE_OBJC_WEAK = YES;
				CLANG_WARN_DOCUMENTATION_COMMENTS = YES;
				CLANG_WARN_QUOTED_INCLUDE_IN_FRAMEWORK_HEADER = YES;
				CLANG_WARN_UNGUARDED_AVAILABILITY = YES_AGGRESSIVE;
				CODE_SIGN_STYLE = Automatic;
				COPY_PHASE_STRIP = NO;
				DEBUG_INFORMATION_FORMAT = "dwarf-with-dsym";
				GCC_C_LANGUAGE_STANDARD = gnu11;
				GENERATE_INFOPLIST_FILE = YES;
				CURRENT_PROJECT_VERSION = 1;
				INFOPLIST_FILE = "../targets/foco-monitor/Info.plist";
				INFOPLIST_KEY_CFBundleDisplayName = "Quibly Foco";
				INFOPLIST_KEY_NSHumanReadableCopyright = "";
				IPHONEOS_DEPLOYMENT_TARGET = 16.0;
				LD_RUNPATH_SEARCH_PATHS = (
					"$(inherited)",
					"@executable_path/Frameworks",
					"@executable_path/../../Frameworks",
				);
				MARKETING_VERSION = 1.2.2;
				MTL_FAST_MATH = YES;
				PRODUCT_BUNDLE_IDENTIFIER = com.quibly.app.focomonitor;
				PRODUCT_NAME = "$(TARGET_NAME)";
				SKIP_INSTALL = YES;
				SWIFT_EMIT_LOC_STRINGS = YES;
				SWIFT_COMPILATION_MODE = wholemodule;
				SWIFT_OPTIMIZATION_LEVEL = "-O";
				SWIFT_VERSION = 5.0;
				TARGETED_DEVICE_FAMILY = "1,2";
				CODE_SIGN_ENTITLEMENTS = .targets/QuiblyFocoMonitor/generated.entitlements;
				REGISTER_APP_GROUPS = YES;
				DEVELOPMENT_TEAM = 3HWKHD9KF8;
			};
		};
		XX6167F7B49B8350B0E4F1XX /* Debug */ = {
			isa = XCBuildConfiguration;
			name = Debug;
			buildSettings = {
				CLANG_ANALYZER_NONNULL = YES;
				CLANG_ANALYZER_NUMBER_OBJECT_CONVERSION = YES_AGGRESSIVE;
				CLANG_CXX_LANGUAGE_STANDARD = "gnu++20";
				CLANG_ENABLE_OBJC_WEAK = YES;
				CLANG_WARN_DOCUMENTATION_COMMENTS = YES;
				CLANG_WARN_QUOTED_INCLUDE_IN_FRAMEWORK_HEADER = YES;
				CLANG_WARN_UNGUARDED_AVAILABILITY = YES_AGGRESSIVE;
				CODE_SIGN_STYLE = Automatic;
				COPY_PHASE_STRIP = NO;
				DEBUG_INFORMATION_FORMAT = dwarf;
				GCC_C_LANGUAGE_STANDARD = gnu11;
				GENERATE_INFOPLIST_FILE = YES;
				CURRENT_PROJECT_VERSION = 1;
				INFOPLIST_FILE = "../targets/foco-monitor/Info.plist";
				INFOPLIST_KEY_CFBundleDisplayName = "Quibly Foco";
				INFOPLIST_KEY_NSHumanReadableCopyright = "";
				IPHONEOS_DEPLOYMENT_TARGET = 16.0;
				LD_RUNPATH_SEARCH_PATHS = (
					"$(inherited)",
					"@executable_path/Frameworks",
					"@executable_path/../../Frameworks",
				);
				MARKETING_VERSION = 1.2.2;
				MTL_FAST_MATH = YES;
				PRODUCT_BUNDLE_IDENTIFIER = com.quibly.app.focomonitor;
				PRODUCT_NAME = "$(TARGET_NAME)";
				SKIP_INSTALL = YES;
				SWIFT_EMIT_LOC_STRINGS = YES;
				SWIFT_COMPILATION_MODE = wholemodule;
				SWIFT_OPTIMIZATION_LEVEL = "-Onone";
				SWIFT_VERSION = 5.0;
				TARGETED_DEVICE_FAMILY = "1,2";
				MTL_ENABLE_DEBUG_INFO = INCLUDE_SOURCE;
				SWIFT_ACTIVE_COMPILATION_CONDITIONS = DEBUG;
				CODE_SIGN_ENTITLEMENTS = .targets/QuiblyFocoMonitor/generated.entitlements;
				REGISTER_APP_GROUPS = YES;
				DEVELOPMENT_TEAM = 3HWKHD9KF8;
			};
		};
		XXC36F7D96D18DB0039650XX /* Release */ = {
			isa = XCBuildConfiguration;
			name = Release;
			buildSettings = {
				CLANG_ANALYZER_NONNULL = YES;
				CLANG_ANALYZER_NUMBER_OBJECT_CONVERSION = YES_AGGRESSIVE;
				CLANG_CXX_LANGUAGE_STANDARD = "gnu++20";
				CLANG_ENABLE_OBJC_WEAK = YES;
				CLANG_WARN_DOCUMENTATION_COMMENTS = YES;
				CLANG_WARN_QUOTED_INCLUDE_IN_FRAMEWORK_HEADER = YES;
				CLANG_WARN_UNGUARDED_AVAILABILITY = YES_AGGRESSIVE;
				CODE_SIGN_STYLE = Automatic;
				COPY_PHASE_STRIP = NO;
				CURRENT_PROJECT_VERSION = 1;
				DEBUG_INFORMATION_FORMAT = "dwarf-with-dsym";
				GCC_C_LANGUAGE_STANDARD = gnu11;
				GENERATE_INFOPLIST_FILE = YES;
				INFOPLIST_FILE = ../targets/widget/Info.plist;
				INFOPLIST_KEY_CFBundleDisplayName = Quibly;
				INFOPLIST_KEY_NSHumanReadableCopyright = "";
				IPHONEOS_DEPLOYMENT_TARGET = 16.1;
				LD_RUNPATH_SEARCH_PATHS = (
					"$(inherited)",
					"@executable_path/Frameworks",
					"@executable_path/../../Frameworks",
				);
				MARKETING_VERSION = 1.2.2;
				MTL_FAST_MATH = YES;
				PRODUCT_BUNDLE_IDENTIFIER = com.quibly.app.widget;
				PRODUCT_NAME = "$(TARGET_NAME)";
				SKIP_INSTALL = YES;
				SWIFT_EMIT_LOC_STRINGS = YES;
				SWIFT_COMPILATION_MODE = wholemodule;
				SWIFT_OPTIMIZATION_LEVEL = "-O";
				SWIFT_VERSION = 5.0;
				TARGETED_DEVICE_FAMILY = "1,2";
				CODE_SIGN_ENTITLEMENTS = .targets/QuiblyWidget/generated.entitlements;
				REGISTER_APP_GROUPS = YES;
				DEVELOPMENT_TEAM = 3HWKHD9KF8;
			};
		};
		XXE008831DEA750E429F2BXX /* Release */ = {
			isa = XCBuildConfiguration;
			name = Release;
			buildSettings = {
				CLANG_ANALYZER_NONNULL = YES;
				CLANG_ANALYZER_NUMBER_OBJECT_CONVERSION = YES_AGGRESSIVE;
				CLANG_CXX_LANGUAGE_STANDARD = "gnu++20";
				CLANG_ENABLE_OBJC_WEAK = YES;
				CLANG_WARN_DOCUMENTATION_COMMENTS = YES;
				CLANG_WARN_QUOTED_INCLUDE_IN_FRAMEWORK_HEADER = YES;
				CLANG_WARN_UNGUARDED_AVAILABILITY = YES_AGGRESSIVE;
				CODE_SIGN_STYLE = Automatic;
				COPY_PHASE_STRIP = NO;
				DEBUG_INFORMATION_FORMAT = "dwarf-with-dsym";
				GCC_C_LANGUAGE_STANDARD = gnu11;
				GENERATE_INFOPLIST_FILE = YES;
				CURRENT_PROJECT_VERSION = 1;
				INFOPLIST_FILE = "../targets/foco-escudo/Info.plist";
				INFOPLIST_KEY_CFBundleDisplayName = "Quibly Foco";
				INFOPLIST_KEY_NSHumanReadableCopyright = "";
				IPHONEOS_DEPLOYMENT_TARGET = 16.0;
				LD_RUNPATH_SEARCH_PATHS = (
					"$(inherited)",
					"@executable_path/Frameworks",
					"@executable_path/../../Frameworks",
				);
				MARKETING_VERSION = 1.2.2;
				MTL_FAST_MATH = YES;
				PRODUCT_BUNDLE_IDENTIFIER = com.quibly.app.focoescudo;
				PRODUCT_NAME = "$(TARGET_NAME)";
				SKIP_INSTALL = YES;
				SWIFT_EMIT_LOC_STRINGS = YES;
				SWIFT_COMPILATION_MODE = wholemodule;
				SWIFT_OPTIMIZATION_LEVEL = "-O";
				SWIFT_VERSION = 5.0;
				TARGETED_DEVICE_FAMILY = "1,2";
				CODE_SIGN_ENTITLEMENTS = .targets/QuiblyFocoEscudo/generated.entitlements;
				REGISTER_APP_GROUPS = YES;
				DEVELOPMENT_TEAM = 3HWKHD9KF8;
			};
		};
		XXFA961D414E6F8A0275ECXX /* Debug */ = {
			isa = XCBuildConfiguration;
			name = Debug;
			buildSettings = {
				CLANG_ANALYZER_NONNULL = YES;
				CLANG_ANALYZER_NUMBER_OBJECT_CONVERSION = YES_AGGRESSIVE;
				CLANG_CXX_LANGUAGE_STANDARD = "gnu++20";
				CLANG_ENABLE_OBJC_WEAK = YES;
				CLANG_WARN_DOCUMENTATION_COMMENTS = YES;
				CLANG_WARN_QUOTED_INCLUDE_IN_FRAMEWORK_HEADER = YES;
				CLANG_WARN_UNGUARDED_AVAILABILITY = YES_AGGRESSIVE;
				CODE_SIGN_STYLE = Automatic;
				CURRENT_PROJECT_VERSION = 1;
				DEBUG_INFORMATION_FORMAT = dwarf;
				GCC_C_LANGUAGE_STANDARD = gnu11;
				GENERATE_INFOPLIST_FILE = YES;
				INFOPLIST_FILE = ../targets/widget/Info.plist;
				INFOPLIST_KEY_CFBundleDisplayName = Quibly;
				INFOPLIST_KEY_NSHumanReadableCopyright = "";
				IPHONEOS_DEPLOYMENT_TARGET = 16.1;
				LD_RUNPATH_SEARCH_PATHS = (
					"$(inherited)",
					"@executable_path/Frameworks",
					"@executable_path/../../Frameworks",
				);
				MARKETING_VERSION = 1.2.2;
				MTL_ENABLE_DEBUG_INFO = INCLUDE_SOURCE;
				MTL_FAST_MATH = YES;
				PRODUCT_BUNDLE_IDENTIFIER = com.quibly.app.widget;
				PRODUCT_NAME = "$(TARGET_NAME)";
				SKIP_INSTALL = YES;
				SWIFT_ACTIVE_COMPILATION_CONDITIONS = DEBUG;
				SWIFT_EMIT_LOC_STRINGS = YES;
				SWIFT_OPTIMIZATION_LEVEL = "-Onone";
				SWIFT_VERSION = 5.0;
				TARGETED_DEVICE_FAMILY = "1,2";
				CODE_SIGN_ENTITLEMENTS = .targets/QuiblyWidget/generated.entitlements;
				REGISTER_APP_GROUPS = YES;
				DEVELOPMENT_TEAM = 3HWKHD9KF8;
			};
		};
/* End XCBuildConfiguration section */

/* Begin XCConfigurationList section */
		13B07F931A680F5B00A75B9A /* Build configuration list for PBXNativeTarget "Quibly" */ = {
			isa = XCConfigurationList;
			buildConfigurations = (
				13B07F941A680F5B00A75B9A /* Debug */,
				13B07F951A680F5B00A75B9A /* Release */,
			);
			defaultConfigurationIsVisible = 0;
			defaultConfigurationName = Release;
		};
		83CBB9FA1A601CBA00E9B192 /* Build configuration list for PBXProject "Quibly" */ = {
			isa = XCConfigurationList;
			buildConfigurations = (
				83CBBA201A601CBA00E9B192 /* Debug */,
				83CBBA211A601CBA00E9B192 /* Release */,
			);
			defaultConfigurationIsVisible = 0;
			defaultConfigurationName = Release;
		};
		XX0744DDE0089426BE41EAXX /* Build configuration list for PBXNativeTarget "QuiblyFocoMonitor" */ = {
			isa = XCConfigurationList;
			defaultConfigurationIsVisible = 0;
			buildConfigurations = (
				XX6167F7B49B8350B0E4F1XX /* Debug */,
				XX324DF779AF570D47403BXX /* Release */,
			);
			defaultConfigurationName = Release;
		};
		XX442A9E9A8F721AC18E74XX /* Build configuration list for PBXNativeTarget "QuiblyFocoEscudo" */ = {
			isa = XCConfigurationList;
			defaultConfigurationIsVisible = 0;
			buildConfigurations = (
				XX048812D1332A30250822XX /* Debug */,
				XXE008831DEA750E429F2BXX /* Release */,
			);
			defaultConfigurationName = Release;
		};
		XX6335FA91B26338910A33XX /* Build configuration list for PBXNativeTarget "QuiblyWidget" */ = {
			isa = XCConfigurationList;
			defaultConfigurationIsVisible = 0;
			buildConfigurations = (
				XXFA961D414E6F8A0275ECXX /* Debug */,
				XXC36F7D96D18DB0039650XX /* Release */,
			);
			defaultConfigurationName = Release;
		};
/* End XCConfigurationList section */
	};
	rootObject = 83CBB9F71A601CBA00E9B192 /* Project object */;
}
